
Microsoft Visual Studio Solution File, Format Version 12.00
# Visual Studio 15
VisualStudioVersion = 15.0.28010.2041
MinimumVisualStudioVersion = 10.0.40219.1
Project("{159641D6-6404-4A2A-AE62-294DE0FE8301}") = "GRP", "GRP\GRP.dtproj", "{C1FE1CCF-8AB2-478C-9BBF-850946FFDC80}"
EndProject
Global
	GlobalSection(SolutionConfigurationPlatforms) = preSolution
		Development|Default = Development|Default
	EndGlobalSection
	GlobalSection(ProjectConfigurationPlatforms) = postSolution
		{C1FE1CCF-8AB2-478C-9BBF-850946FFDC80}.Development|Default.ActiveCfg = Development
		{C1FE1CCF-8AB2-478C-9BBF-850946FFDC80}.Development|Default.Build.0 = Development
	EndGlobalSection
	GlobalSection(SolutionProperties) = preSolution
		HideSolutionNode = FALSE
	EndGlobalSection
	GlobalSection(ExtensibilityGlobals) = postSolution
		SolutionGuid = {2B9EBF0E-DCBE-4439-B2F1-CE7BA2B3A7FC}
	EndGlobalSection
EndGlobal
